
Microsoft Visual Studio Solution File, Format Version 12.00
# Visual Studio Version 17
VisualStudioVersion = 17.14.36121.58
MinimumVisualStudioVersion = 10.0.40219.1
Project("{FAE04EC0-301F-11D3-BF4B-00C04F79EFBC}") = "Northwind.Common.EntityModels.SqlServer", "Northwind.Common.EntityModels.SqlServer\Northwind.Common.EntityModels.SqlServer.csproj", "{AE82F3B4-FF1F-4640-A123-BA113FB37ADC}"
EndProject
Project("{FAE04EC0-301F-11D3-BF4B-00C04F79EFBC}") = "Northwind.Common.DataContext.SqlServer", "Northwind.Common.DataContext.SqlServer\Northwind.Common.DataContext.SqlServer.csproj", "{32A01164-890A-483F-8B6D-C0466DC526A4}"
EndProject
Project("{FAE04EC0-301F-11D3-BF4B-00C04F79EFBC}") = "Northwind.Web", "Northwind.Web\Northwind.Web.csproj", "{743599B8-0678-4207-847E-269B02D95B5E}"
EndProject
Project("{FAE04EC0-301F-11D3-BF4B-00C04F79EFBC}") = "Northwind.Razor.Employee", "Northwind.Razor.Employee\Northwind.Razor.Employee.csproj", "{02846C98-9EA7-43BA-82F7-0070D82500A6}"
EndProject
Project("{FAE04EC0-301F-11D3-BF4B-00C04F79EFBC}") = "Northwind.Mvc", "Northwind.Mvc\Northwind.Mvc.csproj", "{145A3F92-5AC9-4D35-A22A-8B05349C1E86}"
EndProject
Project("{FAE04EC0-301F-11D3-BF4B-00C04F79EFBC}") = "Northwind.WebApi", "Northwind.WebApi\Northwind.WebApi.csproj", "{A468ECC5-F287-45B4-A637-298A0AEA627E}"
EndProject
Project("{FAE04EC0-301F-11D3-BF4B-00C04F79EFBC}") = "Northwind.Common", "Northwind.Common\Northwind.Common.csproj", "{7C51832B-05F9-4817-984F-8AA0EC206093}"
EndProject
Project("{FAE04EC0-301F-11D3-BF4B-00C04F79EFBC}") = "Minimal.WebApi", "Minimal.WebApi\Minimal.WebApi.csproj", "{CE8EB382-DE8A-4EC8-BE55-098436D2BAC6}"
EndProject
Project("{FAE04EC0-301F-11D3-BF4B-00C04F79EFBC}") = "Northwind.BlazorServer", "Northwind.BlazorServer\Northwind.BlazorServer.csproj", "{4E9CFECD-6ACF-40AD-A428-9A2A05F79C2C}"
EndProject
Project("{FAE04EC0-301F-11D3-BF4B-00C04F79EFBC}") = "Northwind.BlazorWasm.Server", "Northwind.BlazorWasm\Server\Northwind.BlazorWasm.Server.csproj", "{69E45A45-858A-4741-A3E8-1EB7288BF413}"
EndProject
Project("{FAE04EC0-301F-11D3-BF4B-00C04F79EFBC}") = "Northwind.BlazorWasm.Client", "Northwind.BlazorWasm\Client\Northwind.BlazorWasm.Client.csproj", "{1D29F62A-7B48-49EB-AB0E-8E3D2DC296EF}"
EndProject
Project("{FAE04EC0-301F-11D3-BF4B-00C04F79EFBC}") = "Northwind.BlazorWasm.Shared", "Northwind.BlazorWasm\Shared\Northwind.BlazorWasm.Shared.csproj", "{662A4540-1814-42F2-814C-6DBF6377689A}"
EndProject
Project("{FAE04EC0-301F-11D3-BF4B-00C04F79EFBC}") = "Northwind.Blazor.Customers", "Northwind.Blazor.Customers\Northwind.Blazor.Customers.csproj", "{934FFD9C-8C1B-4780-A0F8-2BD609BA448E}"
EndProject
Project("{FAE04EC0-301F-11D3-BF4B-00C04F79EFBC}") = "Northwind.OData", "Northwind.OData\Northwind.OData.csproj", "{C2F157BF-48E4-4998-BB89-33A639050A90}"
EndProject
Project("{FAE04EC0-301F-11D3-BF4B-00C04F79EFBC}") = "Northwind.GraphQL", "Northwind.GraphQL\Northwind.GraphQL.csproj", "{F8D8D160-167D-4C71-84BB-213A9EBA7947}"
EndProject
Project("{FAE04EC0-301F-11D3-BF4B-00C04F79EFBC}") = "Northwind.gRPC", "Northwind.gRPC\Northwind.gRPC.csproj", "{80D64DB3-DCFD-4A91-9814-BB864CB5492D}"
EndProject
Project("{FAE04EC0-301F-11D3-BF4B-00C04F79EFBC}") = "Northwind.SignalR.ConsoleClient", "Northwind.SignalR.ConsoleClient\Northwind.SignalR.ConsoleClient.csproj", "{389C3294-9CCC-498D-9B84-28E4478332B0}"
EndProject
Global
	GlobalSection(SolutionConfigurationPlatforms) = preSolution
		Debug|Any CPU = Debug|Any CPU
		Release|Any CPU = Release|Any CPU
	EndGlobalSection
	GlobalSection(ProjectConfigurationPlatforms) = postSolution
		{AE82F3B4-FF1F-4640-A123-BA113FB37ADC}.Debug|Any CPU.ActiveCfg = Debug|Any CPU
		{AE82F3B4-FF1F-4640-A123-BA113FB37ADC}.Debug|Any CPU.Build.0 = Debug|Any CPU
		{AE82F3B4-FF1F-4640-A123-BA113FB37ADC}.Release|Any CPU.ActiveCfg = Release|Any CPU
		{AE82F3B4-FF1F-4640-A123-BA113FB37ADC}.Release|Any CPU.Build.0 = Release|Any CPU
		{32A01164-890A-483F-8B6D-C0466DC526A4}.Debug|Any CPU.ActiveCfg = Debug|Any CPU
		{32A01164-890A-483F-8B6D-C0466DC526A4}.Debug|Any CPU.Build.0 = Debug|Any CPU
		{32A01164-890A-483F-8B6D-C0466DC526A4}.Release|Any CPU.ActiveCfg = Release|Any CPU
		{32A01164-890A-483F-8B6D-C0466DC526A4}.Release|Any CPU.Build.0 = Release|Any CPU
		{743599B8-0678-4207-847E-269B02D95B5E}.Debug|Any CPU.ActiveCfg = Debug|Any CPU
		{743599B8-0678-4207-847E-269B02D95B5E}.Debug|Any CPU.Build.0 = Debug|Any CPU
		{743599B8-0678-4207-847E-269B02D95B5E}.Release|Any CPU.ActiveCfg = Release|Any CPU
		{743599B8-0678-4207-847E-269B02D95B5E}.Release|Any CPU.Build.0 = Release|Any CPU
		{02846C98-9EA7-43BA-82F7-0070D82500A6}.Debug|Any CPU.ActiveCfg = Debug|Any CPU
		{02846C98-9EA7-43BA-82F7-0070D82500A6}.Debug|Any CPU.Build.0 = Debug|Any CPU
		{02846C98-9EA7-43BA-82F7-0070D82500A6}.Release|Any CPU.ActiveCfg = Release|Any CPU
		{02846C98-9EA7-43BA-82F7-0070D82500A6}.Release|Any CPU.Build.0 = Release|Any CPU
		{145A3F92-5AC9-4D35-A22A-8B05349C1E86}.Debug|Any CPU.ActiveCfg = Debug|Any CPU
		{145A3F92-5AC9-4D35-A22A-8B05349C1E86}.Debug|Any CPU.Build.0 = Debug|Any CPU
		{145A3F92-5AC9-4D35-A22A-8B05349C1E86}.Release|Any CPU.ActiveCfg = Release|Any CPU
		{145A3F92-5AC9-4D35-A22A-8B05349C1E86}.Release|Any CPU.Build.0 = Release|Any CPU
		{A468ECC5-F287-45B4-A637-298A0AEA627E}.Debug|Any CPU.ActiveCfg = Debug|Any CPU
		{A468ECC5-F287-45B4-A637-298A0AEA627E}.Debug|Any CPU.Build.0 = Debug|Any CPU
		{A468ECC5-F287-45B4-A637-298A0AEA627E}.Release|Any CPU.ActiveCfg = Release|Any CPU
		{A468ECC5-F287-45B4-A637-298A0AEA627E}.Release|Any CPU.Build.0 = Release|Any CPU
		{7C51832B-05F9-4817-984F-8AA0EC206093}.Debug|Any CPU.ActiveCfg = Debug|Any CPU
		{7C51832B-05F9-4817-984F-8AA0EC206093}.Debug|Any CPU.Build.0 = Debug|Any CPU
		{7C51832B-05F9-4817-984F-8AA0EC206093}.Release|Any CPU.ActiveCfg = Release|Any CPU
		{7C51832B-05F9-4817-984F-8AA0EC206093}.Release|Any CPU.Build.0 = Release|Any CPU
		{CE8EB382-DE8A-4EC8-BE55-098436D2BAC6}.Debug|Any CPU.ActiveCfg = Debug|Any CPU
		{CE8EB382-DE8A-4EC8-BE55-098436D2BAC6}.Debug|Any CPU.Build.0 = Debug|Any CPU
		{CE8EB382-DE8A-4EC8-BE55-098436D2BAC6}.Release|Any CPU.ActiveCfg = Release|Any CPU
		{CE8EB382-DE8A-4EC8-BE55-098436D2BAC6}.Release|Any CPU.Build.0 = Release|Any CPU
		{4E9CFECD-6ACF-40AD-A428-9A2A05F79C2C}.Debug|Any CPU.ActiveCfg = Debug|Any CPU
		{4E9CFECD-6ACF-40AD-A428-9A2A05F79C2C}.Debug|Any CPU.Build.0 = Debug|Any CPU
		{4E9CFECD-6ACF-40AD-A428-9A2A05F79C2C}.Release|Any CPU.ActiveCfg = Release|Any CPU
		{4E9CFECD-6ACF-40AD-A428-9A2A05F79C2C}.Release|Any CPU.Build.0 = Release|Any CPU
		{69E45A45-858A-4741-A3E8-1EB7288BF413}.Debug|Any CPU.ActiveCfg = Debug|Any CPU
		{69E45A45-858A-4741-A3E8-1EB7288BF413}.Debug|Any CPU.Build.0 = Debug|Any CPU
		{69E45A45-858A-4741-A3E8-1EB7288BF413}.Release|Any CPU.ActiveCfg = Release|Any CPU
		{69E45A45-858A-4741-A3E8-1EB7288BF413}.Release|Any CPU.Build.0 = Release|Any CPU
		{1D29F62A-7B48-49EB-AB0E-8E3D2DC296EF}.Debug|Any CPU.ActiveCfg = Debug|Any CPU
		{1D29F62A-7B48-49EB-AB0E-8E3D2DC296EF}.Debug|Any CPU.Build.0 = Debug|Any CPU
		{1D29F62A-7B48-49EB-AB0E-8E3D2DC296EF}.Release|Any CPU.ActiveCfg = Release|Any CPU
		{1D29F62A-7B48-49EB-AB0E-8E3D2DC296EF}.Release|Any CPU.Build.0 = Release|Any CPU
		{662A4540-1814-42F2-814C-6DBF6377689A}.Debug|Any CPU.ActiveCfg = Debug|Any CPU
		{662A4540-1814-42F2-814C-6DBF6377689A}.Debug|Any CPU.Build.0 = Debug|Any CPU
		{662A4540-1814-42F2-814C-6DBF6377689A}.Release|Any CPU.ActiveCfg = Release|Any CPU
		{662A4540-1814-42F2-814C-6DBF6377689A}.Release|Any CPU.Build.0 = Release|Any CPU
		{934FFD9C-8C1B-4780-A0F8-2BD609BA448E}.Debug|Any CPU.ActiveCfg = Debug|Any CPU
		{934FFD9C-8C1B-4780-A0F8-2BD609BA448E}.Debug|Any CPU.Build.0 = Debug|Any CPU
		{934FFD9C-8C1B-4780-A0F8-2BD609BA448E}.Release|Any CPU.ActiveCfg = Release|Any CPU
		{934FFD9C-8C1B-4780-A0F8-2BD609BA448E}.Release|Any CPU.Build.0 = Release|Any CPU
		{C2F157BF-48E4-4998-BB89-33A639050A90}.Debug|Any CPU.ActiveCfg = Debug|Any CPU
		{C2F157BF-48E4-4998-BB89-33A639050A90}.Debug|Any CPU.Build.0 = Debug|Any CPU
		{C2F157BF-48E4-4998-BB89-33A639050A90}.Release|Any CPU.ActiveCfg = Release|Any CPU
		{C2F157BF-48E4-4998-BB89-33A639050A90}.Release|Any CPU.Build.0 = Release|Any CPU
		{F8D8D160-167D-4C71-84BB-213A9EBA7947}.Debug|Any CPU.ActiveCfg = Debug|Any CPU
		{F8D8D160-167D-4C71-84BB-213A9EBA7947}.Debug|Any CPU.Build.0 = Debug|Any CPU
		{F8D8D160-167D-4C71-84BB-213A9EBA7947}.Release|Any CPU.ActiveCfg = Release|Any CPU
		{F8D8D160-167D-4C71-84BB-213A9EBA7947}.Release|Any CPU.Build.0 = Release|Any CPU
		{80D64DB3-DCFD-4A91-9814-BB864CB5492D}.Debug|Any CPU.ActiveCfg = Debug|Any CPU
		{80D64DB3-DCFD-4A91-9814-BB864CB5492D}.Debug|Any CPU.Build.0 = Debug|Any CPU
		{80D64DB3-DCFD-4A91-9814-BB864CB5492D}.Release|Any CPU.ActiveCfg = Release|Any CPU
		{80D64DB3-DCFD-4A91-9814-BB864CB5492D}.Release|Any CPU.Build.0 = Release|Any CPU
		{389C3294-9CCC-498D-9B84-28E4478332B0}.Debug|Any CPU.ActiveCfg = Debug|Any CPU
		{389C3294-9CCC-498D-9B84-28E4478332B0}.Debug|Any CPU.Build.0 = Debug|Any CPU
		{389C3294-9CCC-498D-9B84-28E4478332B0}.Release|Any CPU.ActiveCfg = Release|Any CPU
		{389C3294-9CCC-498D-9B84-28E4478332B0}.Release|Any CPU.Build.0 = Release|Any CPU
	EndGlobalSection
	GlobalSection(SolutionProperties) = preSolution
		HideSolutionNode = FALSE
	EndGlobalSection
	GlobalSection(ExtensibilityGlobals) = postSolution
		SolutionGuid = {1B45FB39-2DB7-4B36-A7E3-1C7DD2BF692A}
	EndGlobalSection
EndGlobal
