
Microsoft Visual Studio Solution File, Format Version 12.00
# Visual Studio Version 17
VisualStudioVersion = 17.14.36121.58
MinimumVisualStudioVersion = 10.0.40219.1
Project("{FAE04EC0-301F-11D3-BF4B-00C04F79EFBC}") = "WritingFunctions", "WritingFunctions\WritingFunctions.csproj", "{4A59D15D-2EF0-48DC-B8CC-134086BE3094}"
EndProject
Project("{FAE04EC0-301F-11D3-BF4B-00C04F79EFBC}") = "Debugging", "Debugging\Debugging.csproj", "{14207D6E-804B-460E-A7D7-30EE528F02CE}"
EndProject
Project("{FAE04EC0-301F-11D3-BF4B-00C04F79EFBC}") = "Instrumenting", "Instrumenting\Instrumenting.csproj", "{3342B925-2DB1-46D1-B859-91B6A2A695C7}"
EndProject
Project("{FAE04EC0-301F-11D3-BF4B-00C04F79EFBC}") = "CalculatorLib", "CalculatorLib\CalculatorLib.csproj", "{35950546-BE54-4151-A738-029ABEAE206D}"
EndProject
Project("{FAE04EC0-301F-11D3-BF4B-00C04F79EFBC}") = "CalculatorLibUnitTests", "CalculatorLibUnitTests\CalculatorLibUnitTests.csproj", "{05FB0D78-6ECC-4147-9227-0B01F888F36A}"
EndProject
Project("{FAE04EC0-301F-11D3-BF4B-00C04F79EFBC}") = "CallStackExceptionHandlingLib", "CallStackExceptionHandlingLib\CallStackExceptionHandlingLib.csproj", "{44E6FBC0-39B3-4FA8-8653-88F6A0CFD976}"
EndProject
Project("{FAE04EC0-301F-11D3-BF4B-00C04F79EFBC}") = "CallStackExceptionHandling", "CallStackExceptionHandling\CallStackExceptionHandling.csproj", "{4DE7A9F2-D875-4697-8906-7069F918C0A6}"
EndProject
Global
	GlobalSection(SolutionConfigurationPlatforms) = preSolution
		Debug|Any CPU = Debug|Any CPU
		Release|Any CPU = Release|Any CPU
	EndGlobalSection
	GlobalSection(ProjectConfigurationPlatforms) = postSolution
		{4A59D15D-2EF0-48DC-B8CC-134086BE3094}.Debug|Any CPU.ActiveCfg = Debug|Any CPU
		{4A59D15D-2EF0-48DC-B8CC-134086BE3094}.Debug|Any CPU.Build.0 = Debug|Any CPU
		{4A59D15D-2EF0-48DC-B8CC-134086BE3094}.Release|Any CPU.ActiveCfg = Release|Any CPU
		{4A59D15D-2EF0-48DC-B8CC-134086BE3094}.Release|Any CPU.Build.0 = Release|Any CPU
		{14207D6E-804B-460E-A7D7-30EE528F02CE}.Debug|Any CPU.ActiveCfg = Debug|Any CPU
		{14207D6E-804B-460E-A7D7-30EE528F02CE}.Debug|Any CPU.Build.0 = Debug|Any CPU
		{14207D6E-804B-460E-A7D7-30EE528F02CE}.Release|Any CPU.ActiveCfg = Release|Any CPU
		{14207D6E-804B-460E-A7D7-30EE528F02CE}.Release|Any CPU.Build.0 = Release|Any CPU
		{3342B925-2DB1-46D1-B859-91B6A2A695C7}.Debug|Any CPU.ActiveCfg = Debug|Any CPU
		{3342B925-2DB1-46D1-B859-91B6A2A695C7}.Debug|Any CPU.Build.0 = Debug|Any CPU
		{3342B925-2DB1-46D1-B859-91B6A2A695C7}.Release|Any CPU.ActiveCfg = Release|Any CPU
		{3342B925-2DB1-46D1-B859-91B6A2A695C7}.Release|Any CPU.Build.0 = Release|Any CPU
		{35950546-BE54-4151-A738-029ABEAE206D}.Debug|Any CPU.ActiveCfg = Debug|Any CPU
		{35950546-BE54-4151-A738-029ABEAE206D}.Debug|Any CPU.Build.0 = Debug|Any CPU
		{35950546-BE54-4151-A738-029ABEAE206D}.Release|Any CPU.ActiveCfg = Release|Any CPU
		{35950546-BE54-4151-A738-029ABEAE206D}.Release|Any CPU.Build.0 = Release|Any CPU
		{05FB0D78-6ECC-4147-9227-0B01F888F36A}.Debug|Any CPU.ActiveCfg = Debug|Any CPU
		{05FB0D78-6ECC-4147-9227-0B01F888F36A}.Debug|Any CPU.Build.0 = Debug|Any CPU
		{05FB0D78-6ECC-4147-9227-0B01F888F36A}.Release|Any CPU.ActiveCfg = Release|Any CPU
		{05FB0D78-6ECC-4147-9227-0B01F888F36A}.Release|Any CPU.Build.0 = Release|Any CPU
		{44E6FBC0-39B3-4FA8-8653-88F6A0CFD976}.Debug|Any CPU.ActiveCfg = Debug|Any CPU
		{44E6FBC0-39B3-4FA8-8653-88F6A0CFD976}.Debug|Any CPU.Build.0 = Debug|Any CPU
		{44E6FBC0-39B3-4FA8-8653-88F6A0CFD976}.Release|Any CPU.ActiveCfg = Release|Any CPU
		{44E6FBC0-39B3-4FA8-8653-88F6A0CFD976}.Release|Any CPU.Build.0 = Release|Any CPU
		{4DE7A9F2-D875-4697-8906-7069F918C0A6}.Debug|Any CPU.ActiveCfg = Debug|Any CPU
		{4DE7A9F2-D875-4697-8906-7069F918C0A6}.Debug|Any CPU.Build.0 = Debug|Any CPU
		{4DE7A9F2-D875-4697-8906-7069F918C0A6}.Release|Any CPU.ActiveCfg = Release|Any CPU
		{4DE7A9F2-D875-4697-8906-7069F918C0A6}.Release|Any CPU.Build.0 = Release|Any CPU
	EndGlobalSection
	GlobalSection(SolutionProperties) = preSolution
		HideSolutionNode = FALSE
	EndGlobalSection
	GlobalSection(ExtensibilityGlobals) = postSolution
		SolutionGuid = {DC380F5A-E503-4E63-A1CA-A507C591A7B7}
	EndGlobalSection
EndGlobal
