
Microsoft Visual Studio Solution File, Format Version 12.00
# Visual Studio Version 17
VisualStudioVersion = 17.14.36121.58
MinimumVisualStudioVersion = 10.0.40219.1
Project("{FAE04EC0-301F-11D3-BF4B-00C04F79EFBC}") = "WorkingWithEFCore", "WorkingWithEFCore\WorkingWithEFCore.csproj", "{B2646A3E-BE9D-47F4-8887-133344CC99E1}"
EndProject
Project("{FAE04EC0-301F-11D3-BF4B-00C04F79EFBC}") = "CoursesAndStudents", "CoursesAndStudents\CoursesAndStudents.csproj", "{442223FA-E01E-4392-9A8E-9A2C6BCEDB73}"
EndProject
Project("{FAE04EC0-301F-11D3-BF4B-00C04F79EFBC}") = "Exercise02", "Exercise02\Exercise02.csproj", "{2A3AADCA-6197-44CF-AA78-F48E013E227E}"
EndProject
Global
	GlobalSection(SolutionConfigurationPlatforms) = preSolution
		Debug|Any CPU = Debug|Any CPU
		Release|Any CPU = Release|Any CPU
	EndGlobalSection
	GlobalSection(ProjectConfigurationPlatforms) = postSolution
		{B2646A3E-BE9D-47F4-8887-133344CC99E1}.Debug|Any CPU.ActiveCfg = Debug|Any CPU
		{B2646A3E-BE9D-47F4-8887-133344CC99E1}.Debug|Any CPU.Build.0 = Debug|Any CPU
		{B2646A3E-BE9D-47F4-8887-133344CC99E1}.Release|Any CPU.ActiveCfg = Release|Any CPU
		{B2646A3E-BE9D-47F4-8887-133344CC99E1}.Release|Any CPU.Build.0 = Release|Any CPU
		{442223FA-E01E-4392-9A8E-9A2C6BCEDB73}.Debug|Any CPU.ActiveCfg = Debug|Any CPU
		{442223FA-E01E-4392-9A8E-9A2C6BCEDB73}.Debug|Any CPU.Build.0 = Debug|Any CPU
		{442223FA-E01E-4392-9A8E-9A2C6BCEDB73}.Release|Any CPU.ActiveCfg = Release|Any CPU
		{442223FA-E01E-4392-9A8E-9A2C6BCEDB73}.Release|Any CPU.Build.0 = Release|Any CPU
		{2A3AADCA-6197-44CF-AA78-F48E013E227E}.Debug|Any CPU.ActiveCfg = Debug|Any CPU
		{2A3AADCA-6197-44CF-AA78-F48E013E227E}.Debug|Any CPU.Build.0 = Debug|Any CPU
		{2A3AADCA-6197-44CF-AA78-F48E013E227E}.Release|Any CPU.ActiveCfg = Release|Any CPU
		{2A3AADCA-6197-44CF-AA78-F48E013E227E}.Release|Any CPU.Build.0 = Release|Any CPU
	EndGlobalSection
	GlobalSection(SolutionProperties) = preSolution
		HideSolutionNode = FALSE
	EndGlobalSection
	GlobalSection(ExtensibilityGlobals) = postSolution
		SolutionGuid = {C3F38CBF-8B93-462C-BD70-B25625E4FA81}
	EndGlobalSection
EndGlobal
