
Microsoft Visual Studio Solution File, Format Version 12.00
# Visual Studio Version 17
VisualStudioVersion = 17.14.36121.58 d17.14
MinimumVisualStudioVersion = 10.0.40219.1
Project("{FAE04EC0-301F-11D3-BF4B-00C04F79EFBC}") = "LinqWithObjects", "LinqWithObjects\LinqWithObjects.csproj", "{4E6E4F93-9D20-4E92-A610-3E69137DA099}"
EndProject
Project("{FAE04EC0-301F-11D3-BF4B-00C04F79EFBC}") = "LinqWithSets", "LinqWithSets\LinqWithSets.csproj", "{2AE36308-822D-4036-8689-333519119E23}"
EndProject
Project("{FAE04EC0-301F-11D3-BF4B-00C04F79EFBC}") = "LinqWithEFCore", "LinqWithEFCore\LinqWithEFCore.csproj", "{0B7E384B-E058-4F5E-9C4D-497952DDFCB3}"
EndProject
Project("{FAE04EC0-301F-11D3-BF4B-00C04F79EFBC}") = "LinqInParallel", "LinqInParallel\LinqInParallel.csproj", "{9EB5AF9F-2BB6-412F-9933-95C9AAFF178E}"
EndProject
Project("{FAE04EC0-301F-11D3-BF4B-00C04F79EFBC}") = "Exercise02", "Exercise02\Exercise02.csproj", "{5A91E494-8BFB-4F87-8BD9-5B8AEFC7068B}"
EndProject
Global
	GlobalSection(SolutionConfigurationPlatforms) = preSolution
		Debug|Any CPU = Debug|Any CPU
		Release|Any CPU = Release|Any CPU
	EndGlobalSection
	GlobalSection(ProjectConfigurationPlatforms) = postSolution
		{4E6E4F93-9D20-4E92-A610-3E69137DA099}.Debug|Any CPU.ActiveCfg = Debug|Any CPU
		{4E6E4F93-9D20-4E92-A610-3E69137DA099}.Debug|Any CPU.Build.0 = Debug|Any CPU
		{4E6E4F93-9D20-4E92-A610-3E69137DA099}.Release|Any CPU.ActiveCfg = Release|Any CPU
		{4E6E4F93-9D20-4E92-A610-3E69137DA099}.Release|Any CPU.Build.0 = Release|Any CPU
		{2AE36308-822D-4036-8689-333519119E23}.Debug|Any CPU.ActiveCfg = Debug|Any CPU
		{2AE36308-822D-4036-8689-333519119E23}.Debug|Any CPU.Build.0 = Debug|Any CPU
		{2AE36308-822D-4036-8689-333519119E23}.Release|Any CPU.ActiveCfg = Release|Any CPU
		{2AE36308-822D-4036-8689-333519119E23}.Release|Any CPU.Build.0 = Release|Any CPU
		{0B7E384B-E058-4F5E-9C4D-497952DDFCB3}.Debug|Any CPU.ActiveCfg = Debug|Any CPU
		{0B7E384B-E058-4F5E-9C4D-497952DDFCB3}.Debug|Any CPU.Build.0 = Debug|Any CPU
		{0B7E384B-E058-4F5E-9C4D-497952DDFCB3}.Release|Any CPU.ActiveCfg = Release|Any CPU
		{0B7E384B-E058-4F5E-9C4D-497952DDFCB3}.Release|Any CPU.Build.0 = Release|Any CPU
		{9EB5AF9F-2BB6-412F-9933-95C9AAFF178E}.Debug|Any CPU.ActiveCfg = Debug|Any CPU
		{9EB5AF9F-2BB6-412F-9933-95C9AAFF178E}.Debug|Any CPU.Build.0 = Debug|Any CPU
		{9EB5AF9F-2BB6-412F-9933-95C9AAFF178E}.Release|Any CPU.ActiveCfg = Release|Any CPU
		{9EB5AF9F-2BB6-412F-9933-95C9AAFF178E}.Release|Any CPU.Build.0 = Release|Any CPU
		{5A91E494-8BFB-4F87-8BD9-5B8AEFC7068B}.Debug|Any CPU.ActiveCfg = Debug|Any CPU
		{5A91E494-8BFB-4F87-8BD9-5B8AEFC7068B}.Debug|Any CPU.Build.0 = Debug|Any CPU
		{5A91E494-8BFB-4F87-8BD9-5B8AEFC7068B}.Release|Any CPU.ActiveCfg = Release|Any CPU
		{5A91E494-8BFB-4F87-8BD9-5B8AEFC7068B}.Release|Any CPU.Build.0 = Release|Any CPU
	EndGlobalSection
	GlobalSection(SolutionProperties) = preSolution
		HideSolutionNode = FALSE
	EndGlobalSection
	GlobalSection(ExtensibilityGlobals) = postSolution
		SolutionGuid = {956EE2AB-6F6E-45D8-8B5F-B229AEB714EB}
	EndGlobalSection
EndGlobal
